<?xml version="1.0" encoding="utf-8"?>
<Project ToolsVersion="4.0" xmlns="http://schemas.microsoft.com/developer/msbuild/2003">
  <ItemGroup>
    <Filter Include="Header Files">
      <UniqueIdentifier>{93995380-89BD-4b04-88EB-625FBE52EBFB}</UniqueIdentifier>
      <Extensions>h;hh;hpp;hxx;h++;hm;inl;inc;ipp;xsd</Extensions>
    </Filter>
    <Filter Include="Header Files\FenwickTree">
      <UniqueIdentifier>{0ae74f39-5bef-4549-b0f0-964df8070841}</UniqueIdentifier>
    </Filter>
    <Filter Include="Header Files\SegmentTree">
      <UniqueIdentifier>{e7c0f89c-ab28-4691-bd67-58a2450f8e94}</UniqueIdentifier>
    </Filter>
    <Filter Include="Header Files\Math">
      <UniqueIdentifier>{eebf1310-0ca6-47a7-b263-45c0d817e1f5}</UniqueIdentifier>
    </Filter>
  </ItemGroup>
  <ItemGroup>
    <ClInclude Include="fenwick_tree.h">
      <Filter>Header Files\FenwickTree</Filter>
    </ClInclude>
    <ClInclude Include="segment_tree.h">
      <Filter>Header Files\SegmentTree</Filter>
    </ClInclude>
    <ClInclude Include="math.h">
      <Filter>Header Files\Math</Filter>
    </ClInclude>
  </ItemGroup>
</Project>